
Microsoft Visual Studio Solution File, Format Version 12.00
# Visual Studio 15
VisualStudioVersion = 15.0.26730.16
MinimumVisualStudioVersion = 10.0.40219.1
Project("{FAE04EC0-301F-11D3-BF4B-00C04F79EFBC}") = "Slugger", "Slugger\Slugger.csproj", "{FC19619D-7C9D-4849-8A38-50B1FC0E2C83}"
EndProject
Project("{FAE04EC0-301F-11D3-BF4B-00C04F79EFBC}") = "SluggerTests", "SluggerTests\SluggerTests.csproj", "{88929ED9-352F-40F4-AC1E-A820E71D996F}"
EndProject
Project("{FAE04EC0-301F-11D3-BF4B-00C04F79EFBC}") = "SluggerRunner", "SluggerRunner\SluggerRunner.csproj", "{A06CCE74-E7EF-48AB-AB8B-77308B9C3505}"
EndProject
Global
	GlobalSection(SolutionConfigurationPlatforms) = preSolution
		Debug|Any CPU = Debug|Any CPU
		Release|Any CPU = Release|Any CPU
	EndGlobalSection
	GlobalSection(ProjectConfigurationPlatforms) = postSolution
		{FC19619D-7C9D-4849-8A38-50B1FC0E2C83}.Debug|Any CPU.ActiveCfg = Debug|Any CPU
		{FC19619D-7C9D-4849-8A38-50B1FC0E2C83}.Debug|Any CPU.Build.0 = Debug|Any CPU
		{FC19619D-7C9D-4849-8A38-50B1FC0E2C83}.Release|Any CPU.ActiveCfg = Release|Any CPU
		{FC19619D-7C9D-4849-8A38-50B1FC0E2C83}.Release|Any CPU.Build.0 = Release|Any CPU
		{88929ED9-352F-40F4-AC1E-A820E71D996F}.Debug|Any CPU.ActiveCfg = Debug|Any CPU
		{88929ED9-352F-40F4-AC1E-A820E71D996F}.Debug|Any CPU.Build.0 = Debug|Any CPU
		{88929ED9-352F-40F4-AC1E-A820E71D996F}.Release|Any CPU.ActiveCfg = Release|Any CPU
		{88929ED9-352F-40F4-AC1E-A820E71D996F}.Release|Any CPU.Build.0 = Release|Any CPU
		{A06CCE74-E7EF-48AB-AB8B-77308B9C3505}.Debug|Any CPU.ActiveCfg = Debug|Any CPU
		{A06CCE74-E7EF-48AB-AB8B-77308B9C3505}.Debug|Any CPU.Build.0 = Debug|Any CPU
		{A06CCE74-E7EF-48AB-AB8B-77308B9C3505}.Release|Any CPU.ActiveCfg = Release|Any CPU
		{A06CCE74-E7EF-48AB-AB8B-77308B9C3505}.Release|Any CPU.Build.0 = Release|Any CPU
	EndGlobalSection
	GlobalSection(SolutionProperties) = preSolution
		HideSolutionNode = FALSE
	EndGlobalSection
	GlobalSection(ExtensibilityGlobals) = postSolution
		SolutionGuid = {3287882D-2FC5-434E-BBF2-62A48853F6B7}
	EndGlobalSection
EndGlobal
